
Microsoft Visual Studio Solution File, Format Version 12.00
# Visual Studio Version 16
VisualStudioVersion = 16.0.30011.22
MinimumVisualStudioVersion = 10.0.40219.1
Project("{9A19103F-16F7-4668-BE54-9A1E7A4F7556}") = "API", "API\API.csproj", "{D73F0A9A-8FCE-4E7A-97DD-2B47D4B0BBF8}"
EndProject
Project("{9A19103F-16F7-4668-BE54-9A1E7A4F7556}") = "Banco", "Banco\Banco.csproj", "{605ABF4D-5A0F-4719-9964-859704730A7C}"
EndProject
Project("{9A19103F-16F7-4668-BE54-9A1E7A4F7556}") = "Negocio", "Negocio\Negocio.csproj", "{8787045A-23BD-4182-99EE-0360AC37ADD3}"
EndProject
Project("{FAE04EC0-301F-11D3-BF4B-00C04F79EFBC}") = "Tests", "Tests\Tests.csproj", "{CCE42267-F08B-4FE0-85A2-6F371DB05FB2}"
EndProject
Global
	GlobalSection(SolutionConfigurationPlatforms) = preSolution
		Debug|Any CPU = Debug|Any CPU
		Release|Any CPU = Release|Any CPU
	EndGlobalSection
	GlobalSection(ProjectConfigurationPlatforms) = postSolution
		{D73F0A9A-8FCE-4E7A-97DD-2B47D4B0BBF8}.Debug|Any CPU.ActiveCfg = Debug|Any CPU
		{D73F0A9A-8FCE-4E7A-97DD-2B47D4B0BBF8}.Debug|Any CPU.Build.0 = Debug|Any CPU
		{D73F0A9A-8FCE-4E7A-97DD-2B47D4B0BBF8}.Release|Any CPU.ActiveCfg = Release|Any CPU
		{D73F0A9A-8FCE-4E7A-97DD-2B47D4B0BBF8}.Release|Any CPU.Build.0 = Release|Any CPU
		{605ABF4D-5A0F-4719-9964-859704730A7C}.Debug|Any CPU.ActiveCfg = Debug|Any CPU
		{605ABF4D-5A0F-4719-9964-859704730A7C}.Debug|Any CPU.Build.0 = Debug|Any CPU
		{605ABF4D-5A0F-4719-9964-859704730A7C}.Release|Any CPU.ActiveCfg = Release|Any CPU
		{605ABF4D-5A0F-4719-9964-859704730A7C}.Release|Any CPU.Build.0 = Release|Any CPU
		{8787045A-23BD-4182-99EE-0360AC37ADD3}.Debug|Any CPU.ActiveCfg = Debug|Any CPU
		{8787045A-23BD-4182-99EE-0360AC37ADD3}.Debug|Any CPU.Build.0 = Debug|Any CPU
		{8787045A-23BD-4182-99EE-0360AC37ADD3}.Release|Any CPU.ActiveCfg = Release|Any CPU
		{8787045A-23BD-4182-99EE-0360AC37ADD3}.Release|Any CPU.Build.0 = Release|Any CPU
		{CCE42267-F08B-4FE0-85A2-6F371DB05FB2}.Debug|Any CPU.ActiveCfg = Debug|Any CPU
		{CCE42267-F08B-4FE0-85A2-6F371DB05FB2}.Debug|Any CPU.Build.0 = Debug|Any CPU
		{CCE42267-F08B-4FE0-85A2-6F371DB05FB2}.Release|Any CPU.ActiveCfg = Release|Any CPU
		{CCE42267-F08B-4FE0-85A2-6F371DB05FB2}.Release|Any CPU.Build.0 = Release|Any CPU
	EndGlobalSection
	GlobalSection(SolutionProperties) = preSolution
		HideSolutionNode = FALSE
	EndGlobalSection
	GlobalSection(ExtensibilityGlobals) = postSolution
		SolutionGuid = {DD62D048-CFA2-4CC8-A237-DBCBDAC253B0}
	EndGlobalSection
EndGlobal
